
Microsoft Visual Studio Solution File, Format Version 12.00
# Visual Studio Version 17
VisualStudioVersion = 17.7.34031.279
MinimumVisualStudioVersion = 10.0.40219.1
Project("{FAE04EC0-301F-11D3-BF4B-00C04F79EFBC}") = "TheQueue", "TheQueue\TheQueue.csproj", "{D168251B-94A6-48EA-A31A-CC5AECCB30A6}"
EndProject
Global
	GlobalSection(SolutionConfigurationPlatforms) = preSolution
		Debug|Any CPU = Debug|Any CPU
		Release|Any CPU = Release|Any CPU
	EndGlobalSection
	GlobalSection(ProjectConfigurationPlatforms) = postSolution
		{D168251B-94A6-48EA-A31A-CC5AECCB30A6}.Debug|Any CPU.ActiveCfg = Debug|Any CPU
		{D168251B-94A6-48EA-A31A-CC5AECCB30A6}.Debug|Any CPU.Build.0 = Debug|Any CPU
		{D168251B-94A6-48EA-A31A-CC5AECCB30A6}.Release|Any CPU.ActiveCfg = Release|Any CPU
		{D168251B-94A6-48EA-A31A-CC5AECCB30A6}.Release|Any CPU.Build.0 = Release|Any CPU
	EndGlobalSection
	GlobalSection(SolutionProperties) = preSolution
		HideSolutionNode = FALSE
	EndGlobalSection
	GlobalSection(ExtensibilityGlobals) = postSolution
		SolutionGuid = {D5317A50-389D-4FB2-A315-E775741818BB}
	EndGlobalSection
EndGlobal
